
Microsoft Visual Studio Solution File, Format Version 12.00
# Visual Studio Version 17
VisualStudioVersion = 17.1.32210.238
MinimumVisualStudioVersion = 10.0.40219.1
Project("{FAE04EC0-301F-11D3-BF4B-00C04F79EFBC}") = "MeerkatAutomation", "MeerkatAutomation\MeerkatAutomation.csproj", "{2E5979B8-D5E1-48FB-9045-D28A08705F90}"
EndProject
Global
	GlobalSection(SolutionConfigurationPlatforms) = preSolution
		Debug|Any CPU = Debug|Any CPU
		Release|Any CPU = Release|Any CPU
	EndGlobalSection
	GlobalSection(ProjectConfigurationPlatforms) = postSolution
		{2E5979B8-D5E1-48FB-9045-D28A08705F90}.Debug|Any CPU.ActiveCfg = Debug|Any CPU
		{2E5979B8-D5E1-48FB-9045-D28A08705F90}.Debug|Any CPU.Build.0 = Debug|Any CPU
		{2E5979B8-D5E1-48FB-9045-D28A08705F90}.Release|Any CPU.ActiveCfg = Release|Any CPU
		{2E5979B8-D5E1-48FB-9045-D28A08705F90}.Release|Any CPU.Build.0 = Release|Any CPU
	EndGlobalSection
	GlobalSection(SolutionProperties) = preSolution
		HideSolutionNode = FALSE
	EndGlobalSection
	GlobalSection(ExtensibilityGlobals) = postSolution
		SolutionGuid = {C5AC336A-8DFA-4007-8112-364864AEEC34}
	EndGlobalSection
EndGlobal
